<?xml version="1.0" encoding="utf-8"?>
<Project ToolsVersion="4.0" xmlns="http://schemas.microsoft.com/developer/msbuild/2003">
  <ItemGroup>
    <Filter Include="源文件">
      <UniqueIdentifier>{4FC737F1-C7A5-4376-A066-2A32D752A2FF}</UniqueIdentifier>
      <Extensions>cpp;c;cc;cxx;c++;cppm;ixx;def;odl;idl;hpj;bat;asm;asmx</Extensions>
    </Filter>
    <Filter Include="头文件">
      <UniqueIdentifier>{93995380-89BD-4b04-88EB-625FBE52EBFB}</UniqueIdentifier>
      <Extensions>h;hh;hpp;hxx;h++;hm;inl;inc;ipp;xsd</Extensions>
    </Filter>
    <Filter Include="资源文件">
      <UniqueIdentifier>{67DA6AB6-F800-4c08-8B7A-83BB121AAD01}</UniqueIdentifier>
      <Extensions>rc;ico;cur;bmp;dlg;rc2;rct;bin;rgs;gif;jpg;jpeg;jpe;resx;tiff;tif;png;wav;mfcribbon-ms</Extensions>
    </Filter>
    <Filter Include="源文件\API">
      <UniqueIdentifier>{f10e1236-d243-481c-88d9-c6a502f650a3}</UniqueIdentifier>
    </Filter>
    <Filter Include="头文件\resource">
      <UniqueIdentifier>{e1a1c209-effd-4a9d-9be7-b55873b6e82e}</UniqueIdentifier>
    </Filter>
  </ItemGroup>
  <ItemGroup>
    <ClCompile Include="main.cpp">
      <Filter>源文件</Filter>
    </ClCompile>
    <ClCompile Include="utils.cpp">
      <Filter>源文件</Filter>
    </ClCompile>
    <ClCompile Include="sse_handler.cpp">
      <Filter>源文件</Filter>
    </ClCompile>
    <ClCompile Include="dice_engine.cpp">
      <Filter>源文件</Filter>
    </ClCompile>
    <ClCompile Include="story_manager.cpp">
      <Filter>源文件</Filter>
    </ClCompile>
    <ClCompile Include="debug.cpp">
      <Filter>源文件</Filter>
    </ClCompile>
    <ClCompile Include="api_stream.cpp">
      <Filter>源文件\API</Filter>
    </ClCompile>
    <ClCompile Include="api_story.cpp">
      <Filter>源文件\API</Filter>
    </ClCompile>
    <ClCompile Include="api_avatar.cpp">
      <Filter>源文件\API</Filter>
    </ClCompile>
    <ClCompile Include="api_turn.cpp">
      <Filter>源文件\API</Filter>
    </ClCompile>
    <ClCompile Include="api_turn_globals.h">
      <Filter>头文件</Filter>
    </ClCompile>
    <ClCompile Include="llm.cpp">
      <Filter>源文件</Filter>
    </ClCompile>
    <ClCompile Include="logger.cpp">
      <Filter>源文件</Filter>
    </ClCompile>
  </ItemGroup>
  <ItemGroup>
    <ClInclude Include="utils.h">
      <Filter>头文件</Filter>
    </ClInclude>
    <ClInclude Include="sse_handler.h">
      <Filter>头文件</Filter>
    </ClInclude>
    <ClInclude Include="dice_engine.h">
      <Filter>头文件</Filter>
    </ClInclude>
    <ClInclude Include="story_manager.h">
      <Filter>头文件</Filter>
    </ClInclude>
    <ClInclude Include="api_handler.h">
      <Filter>头文件</Filter>
    </ClInclude>
    <ClInclude Include="debug.h">
      <Filter>头文件</Filter>
    </ClInclude>
    <ClInclude Include="llm.h">
      <Filter>头文件</Filter>
    </ClInclude>
    <ClInclude Include="logger.h">
      <Filter>头文件</Filter>
    </ClInclude>
    <ClInclude Include="director_prompt.h">
      <Filter>头文件</Filter>
    </ClInclude>
    <ClInclude Include="resource2.h">
      <Filter>头文件\resource</Filter>
    </ClInclude>
    <ClInclude Include="resource1.h">
      <Filter>头文件\resource</Filter>
    </ClInclude>
    <ClInclude Include="resource.h">
      <Filter>头文件\resource</Filter>
    </ClInclude>
  </ItemGroup>
</Project>